// !$*UTF8*$!
{
	archiveVersion = 1;
	classes = {
	};
	objectVersion = 50;
	objects = {

/* Begin PBXBuildFile section */
		69CE22AF211329BF009A298A /* AppDelegate.swift in Sources */ = {isa = PBXBuildFile; fileRef = 69CE22AE211329BF009A298A /* AppDelegate.swift */; };
		69CE22B1211329BF009A298A /* GameScene.sks in Resources */ = {isa = PBXBuildFile; fileRef = 69CE22B0211329BF009A298A /* GameScene.sks */; };
		69CE22B3211329BF009A298A /* Actions.sks in Resources */ = {isa = PBXBuildFile; fileRef = 69CE22B2211329BF009A298A /* Actions.sks */; };
		69CE22B5211329BF009A298A /* GameScene.swift in Sources */ = {isa = PBXBuildFile; fileRef = 69CE22B4211329BF009A298A /* GameScene.swift */; };
		69CE22B7211329BF009A298A /* GameViewController.swift in Sources */ = {isa = PBXBuildFile; fileRef = 69CE22B6211329BF009A298A /* GameViewController.swift */; };
		69CE22BA211329BF009A298A /* Main.storyboard in Resources */ = {isa = PBXBuildFile; fileRef = 69CE22B8211329BF009A298A /* Main.storyboard */; };
		69CE22BC211329C0009A298A /* Assets.xcassets in Resources */ = {isa = PBXBuildFile; fileRef = 69CE22BB211329C0009A298A /* Assets.xcassets */; };
		69CE22BF211329C0009A298A /* LaunchScreen.storyboard in Resources */ = {isa = PBXBuildFile; fileRef = 69CE22BD211329C0009A298A /* LaunchScreen.storyboard */; };
		69CE22C721132A9E009A298A /* Spaceship.swift in Sources */ = {isa = PBXBuildFile; fileRef = 69CE22C621132A9E009A298A /* Spaceship.swift */; };
		69CE22C921132AB4009A298A /* Enemy.swift in Sources */ = {isa = PBXBuildFile; fileRef = 69CE22C821132AB4009A298A /* Enemy.swift */; };
		69CE22CB21132AEE009A298A /* collideParticle.sks in Resources */ = {isa = PBXBuildFile; fileRef = 69CE22CA21132AEE009A298A /* collideParticle.sks */; };
		69CE22CD21132B34009A298A /* MusicHelper.swift in Sources */ = {isa = PBXBuildFile; fileRef = 69CE22CC21132B34009A298A /* MusicHelper.swift */; };
		69CE22D221132B88009A298A /* explosion.mp3 in Resources */ = {isa = PBXBuildFile; fileRef = 69CE22CF21132B87009A298A /* explosion.mp3 */; };
		69CE22D321132B88009A298A /* woosh.mp3 in Resources */ = {isa = PBXBuildFile; fileRef = 69CE22D021132B87009A298A /* woosh.mp3 */; };
		69CE22D421132B88009A298A /* SpaceEvaders.mp3 in Resources */ = {isa = PBXBuildFile; fileRef = 69CE22D121132B87009A298A /* SpaceEvaders.mp3 */; };
/* End PBXBuildFile section */

/* Begin PBXFileReference section */
		69CE22AB211329BF009A298A /* Spacey Dodge.app */ = {isa = PBXFileReference; explicitFileType = wrapper.application; includeInIndex = 0; path = "Spacey Dodge.app"; sourceTree = BUILT_PRODUCTS_DIR; };
		69CE22AE211329BF009A298A /* AppDelegate.swift */ = {isa = PBXFileReference; lastKnownFileType = sourcecode.swift; path = AppDelegate.swift; sourceTree = "<group>"; };
		69CE22B0211329BF009A298A /* GameScene.sks */ = {isa = PBXFileReference; lastKnownFileType = file.sks; path = GameScene.sks; sourceTree = "<group>"; };
		69CE22B2211329BF009A298A /* Actions.sks */ = {isa = PBXFileReference; lastKnownFileType = file.sks; path = Actions.sks; sourceTree = "<group>"; };
		69CE22B4211329BF009A298A /* GameScene.swift */ = {isa = PBXFileReference; lastKnownFileType = sourcecode.swift; path = GameScene.swift; sourceTree = "<group>"; };
		69CE22B6211329BF009A298A /* GameViewController.swift */ = {isa = PBXFileReference; lastKnownFileType = sourcecode.swift; path = GameViewController.swift; sourceTree = "<group>"; };
		69CE22B9211329BF009A298A /* Base */ = {isa = PBXFileReference; lastKnownFileType = file.storyboard; name = Base; path = Base.lproj/Main.storyboard; sourceTree = "<group>"; };
		69CE22BB211329C0009A298A /* Assets.xcassets */ = {isa = PBXFileReference; lastKnownFileType = folder.assetcatalog; path = Assets.xcassets; sourceTree = "<group>"; };
		69CE22BE211329C0009A298A /* Base */ = {isa = PBXFileReference; lastKnownFileType = file.storyboard; name = Base; path = Base.lproj/LaunchScreen.storyboard; sourceTree = "<group>"; };
		69CE22C0211329C0009A298A /* Info.plist */ = {isa = PBXFileReference; lastKnownFileType = text.plist.xml; path = Info.plist; sourceTree = "<group>"; };
		69CE22C621132A9E009A298A /* Spaceship.swift */ = {isa = PBXFileReference; lastKnownFileType = sourcecode.swift; path = Spaceship.swift; sourceTree = "<group>"; };
		69CE22C821132AB4009A298A /* Enemy.swift */ = {isa = PBXFileReference; lastKnownFileType = sourcecode.swift; path = Enemy.swift; sourceTree = "<group>"; };
		69CE22CA21132AEE009A298A /* collideParticle.sks */ = {isa = PBXFileReference; lastKnownFileType = file.sks; path = collideParticle.sks; sourceTree = "<group>"; };
		69CE22CC21132B34009A298A /* MusicHelper.swift */ = {isa = PBXFileReference; lastKnownFileType = sourcecode.swift; path = MusicHelper.swift; sourceTree = "<group>"; };
		69CE22CF21132B87009A298A /* explosion.mp3 */ = {isa = PBXFileReference; lastKnownFileType = audio.mp3; path = explosion.mp3; sourceTree = "<group>"; };
		69CE22D021132B87009A298A /* woosh.mp3 */ = {isa = PBXFileReference; lastKnownFileType = audio.mp3; path = woosh.mp3; sourceTree = "<group>"; };
		69CE22D121132B87009A298A /* SpaceEvaders.mp3 */ = {isa = PBXFileReference; lastKnownFileType = audio.mp3; path = SpaceEvaders.mp3; sourceTree = "<group>"; };
		69CE22D52113B503009A298A /* Spacey Dodge.entitlements */ = {isa = PBXFileReference; lastKnownFileType = text.plist.entitlements; path = "Spacey Dodge.entitlements"; sourceTree = "<group>"; };
/* End PBXFileReference section */

/* Begin PBXFrameworksBuildPhase section */
		69CE22A8211329BF009A298A /* Frameworks */ = {
			isa = PBXFrameworksBuildPhase;
			buildActionMask = 2147483647;
			files = (
			);
			runOnlyForDeploymentPostprocessing = 0;
		};
/* End PBXFrameworksBuildPhase section */

/* Begin PBXGroup section */
		69CE22A2211329BF009A298A = {
			isa = PBXGroup;
			children = (
				69CE22AD211329BF009A298A /* Spacey Dodge */,
				69CE22AC211329BF009A298A /* Products */,
				69CE22D62113B54A009A298A /* Frameworks */,
			);
			sourceTree = "<group>";
		};
		69CE22AC211329BF009A298A /* Products */ = {
			isa = PBXGroup;
			children = (
				69CE22AB211329BF009A298A /* Spacey Dodge.app */,
			);
			name = Products;
			sourceTree = "<group>";
		};
		69CE22AD211329BF009A298A /* Spacey Dodge */ = {
			isa = PBXGroup;
			children = (
				69CE22DC2113B6B8009A298A /* Game Logic */,
				69CE22DB2113B692009A298A /* View */,
				69CE22D92113B656009A298A /* Model */,
				69CE22D52113B503009A298A /* Spacey Dodge.entitlements */,
				69CE22BB211329C0009A298A /* Assets.xcassets */,
				69CE22C0211329C0009A298A /* Info.plist */,
				69CE22CA21132AEE009A298A /* collideParticle.sks */,
				69CE22DA2113B668009A298A /* Supporting Files */,
				69CE22CE21132B87009A298A /* Sounds */,
			);
			path = "Spacey Dodge";
			sourceTree = "<group>";
		};
		69CE22CE21132B87009A298A /* Sounds */ = {
			isa = PBXGroup;
			children = (
				69CE22CF21132B87009A298A /* explosion.mp3 */,
				69CE22D021132B87009A298A /* woosh.mp3 */,
				69CE22D121132B87009A298A /* SpaceEvaders.mp3 */,
			);
			path = Sounds;
			sourceTree = "<group>";
		};
		69CE22D62113B54A009A298A /* Frameworks */ = {
			isa = PBXGroup;
			children = (
			);
			name = Frameworks;
			sourceTree = "<group>";
		};
		69CE22D92113B656009A298A /* Model */ = {
			isa = PBXGroup;
			children = (
				69CE22C621132A9E009A298A /* Spaceship.swift */,
				69CE22C821132AB4009A298A /* Enemy.swift */,
			);
			path = Model;
			sourceTree = "<group>";
		};
		69CE22DA2113B668009A298A /* Supporting Files */ = {
			isa = PBXGroup;
			children = (
				69CE22AE211329BF009A298A /* AppDelegate.swift */,
				69CE22CC21132B34009A298A /* MusicHelper.swift */,
			);
			path = "Supporting Files";
			sourceTree = "<group>";
		};
		69CE22DB2113B692009A298A /* View */ = {
			isa = PBXGroup;
			children = (
				69CE22B8211329BF009A298A /* Main.storyboard */,
				69CE22BD211329C0009A298A /* LaunchScreen.storyboard */,
				69CE22B0211329BF009A298A /* GameScene.sks */,
				69CE22B2211329BF009A298A /* Actions.sks */,
			);
			path = View;
			sourceTree = "<group>";
		};
		69CE22DC2113B6B8009A298A /* Game Logic */ = {
			isa = PBXGroup;
			children = (
				69CE22B6211329BF009A298A /* GameViewController.swift */,
				69CE22B4211329BF009A298A /* GameScene.swift */,
			);
			path = "Game Logic";
			sourceTree = "<group>";
		};
/* End PBXGroup section */

/* Begin PBXNativeTarget section */
		69CE22AA211329BF009A298A /* Spacey Dodge */ = {
			isa = PBXNativeTarget;
			buildConfigurationList = 69CE22C3211329C0009A298A /* Build configuration list for PBXNativeTarget "Spacey Dodge" */;
			buildPhases = (
				69CE22A7211329BF009A298A /* Sources */,
				69CE22A8211329BF009A298A /* Frameworks */,
				69CE22A9211329BF009A298A /* Resources */,
			);
			buildRules = (
			);
			dependencies = (
			);
			name = "Spacey Dodge";
			productName = "Spacey Dodge";
			productReference = 69CE22AB211329BF009A298A /* Spacey Dodge.app */;
			productType = "com.apple.product-type.application";
		};
/* End PBXNativeTarget section */

/* Begin PBXProject section */
		69CE22A3211329BF009A298A /* Project object */ = {
			isa = PBXProject;
			attributes = {
				LastSwiftUpdateCheck = 0940;
				LastUpgradeCheck = 0940;
				ORGANIZATIONNAME = "Ron Lipkin";
				TargetAttributes = {
					69CE22AA211329BF009A298A = {
						CreatedOnToolsVersion = 9.4.1;
						SystemCapabilities = {
							com.apple.Push = {
								enabled = 0;
							};
							com.apple.VPNLite = {
								enabled = 0;
							};
						};
					};
				};
			};
			buildConfigurationList = 69CE22A6211329BF009A298A /* Build configuration list for PBXProject "Spacey Dodge" */;
			compatibilityVersion = "Xcode 9.3";
			developmentRegion = en;
			hasScannedForEncodings = 0;
			knownRegions = (
				en,
				Base,
			);
			mainGroup = 69CE22A2211329BF009A298A;
			productRefGroup = 69CE22AC211329BF009A298A /* Products */;
			projectDirPath = "";
			projectRoot = "";
			targets = (
				69CE22AA211329BF009A298A /* Spacey Dodge */,
			);
		};
/* End PBXProject section */

/* Begin PBXResourcesBuildPhase section */
		69CE22A9211329BF009A298A /* Resources */ = {
			isa = PBXResourcesBuildPhase;
			buildActionMask = 2147483647;
			files = (
				69CE22BA211329BF009A298A /* Main.storyboard in Resources */,
				69CE22B1211329BF009A298A /* GameScene.sks in Resources */,
				69CE22D421132B88009A298A /* SpaceEvaders.mp3 in Resources */,
				69CE22CB21132AEE009A298A /* collideParticle.sks in Resources */,
				69CE22BC211329C0009A298A /* Assets.xcassets in Resources */,
				69CE22D221132B88009A298A /* explosion.mp3 in Resources */,
				69CE22BF211329C0009A298A /* LaunchScreen.storyboard in Resources */,
				69CE22B3211329BF009A298A /* Actions.sks in Resources */,
				69CE22D321132B88009A298A /* woosh.mp3 in Resources */,
			);
			runOnlyForDeploymentPostprocessing = 0;
		};
/* End PBXResourcesBuildPhase section */

/* Begin PBXSourcesBuildPhase section */
		69CE22A7211329BF009A298A /* Sources */ = {
			isa = PBXSourcesBuildPhase;
			buildActionMask = 2147483647;
			files = (
				69CE22B5211329BF009A298A /* GameScene.swift in Sources */,
				69CE22C921132AB4009A298A /* Enemy.swift in Sources */,
				69CE22B7211329BF009A298A /* GameViewController.swift in Sources */,
				69CE22CD21132B34009A298A /* MusicHelper.swift in Sources */,
				69CE22C721132A9E009A298A /* Spaceship.swift in Sources */,
				69CE22AF211329BF009A298A /* AppDelegate.swift in Sources */,
			);
			runOnlyForDeploymentPostprocessing = 0;
		};
/* End PBXSourcesBuildPhase section */

/* Begin PBXVariantGroup section */
		69CE22B8211329BF009A298A /* Main.storyboard */ = {
			isa = PBXVariantGroup;
			children = (
				69CE22B9211329BF009A298A /* Base */,
			);
			name = Main.storyboard;
			sourceTree = "<group>";
		};
		69CE22BD211329C0009A298A /* LaunchScreen.storyboard */ = {
			isa = PBXVariantGroup;
			children = (
				69CE22BE211329C0009A298A /* Base */,
			);
			name = LaunchScreen.storyboard;
			sourceTree = "<group>";
		};
/* End PBXVariantGroup section */

/* Begin XCBuildConfiguration section */
		69CE22C1211329C0009A298A /* Debug */ = {
			isa = XCBuildConfiguration;
			buildSettings = {
				ALWAYS_SEARCH_USER_PATHS = NO;
				CLANG_ANALYZER_NONNULL = YES;
				CLANG_ANALYZER_NUMBER_OBJECT_CONVERSION = YES_AGGRESSIVE;
				CLANG_CXX_LANGUAGE_STANDARD = "gnu++14";
				CLANG_CXX_LIBRARY = "libc++";
				CLANG_ENABLE_MODULES = YES;
				CLANG_ENABLE_OBJC_ARC = YES;
				CLANG_ENABLE_OBJC_WEAK = YES;
				CLANG_WARN_BLOCK_CAPTURE_AUTORELEASING = YES;
				CLANG_WARN_BOOL_CONVERSION = YES;
				CLANG_WARN_COMMA = YES;
				CLANG_WARN_CONSTANT_CONVERSION = YES;
				CLANG_WARN_DEPRECATED_OBJC_IMPLEMENTATIONS = YES;
				CLANG_WARN_DIRECT_OBJC_ISA_USAGE = YES_ERROR;
				CLANG_WARN_DOCUMENTATION_COMMENTS = YES;
				CLANG_WARN_EMPTY_BODY = YES;
				CLANG_WARN_ENUM_CONVERSION = YES;
				CLANG_WARN_INFINITE_RECURSION = YES;
				CLANG_WARN_INT_CONVERSION = YES;
				CLANG_WARN_NON_LITERAL_NULL_CONVERSION = YES;
				CLANG_WARN_OBJC_IMPLICIT_RETAIN_SELF = YES;
				CLANG_WARN_OBJC_LITERAL_CONVERSION = YES;
				CLANG_WARN_OBJC_ROOT_CLASS = YES_ERROR;
				CLANG_WARN_RANGE_LOOP_ANALYSIS = YES;
				CLANG_WARN_STRICT_PROTOTYPES = YES;
				CLANG_WARN_SUSPICIOUS_MOVE = YES;
				CLANG_WARN_UNGUARDED_AVAILABILITY = YES_AGGRESSIVE;
				CLANG_WARN_UNREACHABLE_CODE = YES;
				CLANG_WARN__DUPLICATE_METHOD_MATCH = YES;
				CODE_SIGN_IDENTITY = "iPhone Developer";
				COPY_PHASE_STRIP = NO;
				DEBUG_INFORMATION_FORMAT = dwarf;
				ENABLE_STRICT_OBJC_MSGSEND = YES;
				ENABLE_TESTABILITY = YES;
				GCC_C_LANGUAGE_STANDARD = gnu11;
				GCC_DYNAMIC_NO_PIC = NO;
				GCC_NO_COMMON_BLOCKS = YES;
				GCC_OPTIMIZATION_LEVEL = 0;
				GCC_PREPROCESSOR_DEFINITIONS = (
					"DEBUG=1",
					"$(inherited)",
				);
				GCC_WARN_64_TO_32_BIT_CONVERSION = YES;
				GCC_WARN_ABOUT_RETURN_TYPE = YES_ERROR;
				GCC_WARN_UNDECLARED_SELECTOR = YES;
				GCC_WARN_UNINITIALIZED_AUTOS = YES_AGGRESSIVE;
				GCC_WARN_UNUSED_FUNCTION = YES;
				GCC_WARN_UNUSED_VARIABLE = YES;
				IPHONEOS_DEPLOYMENT_TARGET = 11.4;
				MTL_ENABLE_DEBUG_INFO = YES;
				ONLY_ACTIVE_ARCH = YES;
				SDKROOT = iphoneos;
				SWIFT_ACTIVE_COMPILATION_CONDITIONS = DEBUG;
				SWIFT_OPTIMIZATION_LEVEL = "-Onone";
			};
			name = Debug;
		};
		69CE22C2211329C0009A298A /* Release */ = {
			isa = XCBuildConfiguration;
			buildSettings = {
				ALWAYS_SEARCH_USER_PATHS = NO;
				CLANG_ANALYZER_NONNULL = YES;
				CLANG_ANALYZER_NUMBER_OBJECT_CONVERSION = YES_AGGRESSIVE;
				CLANG_CXX_LANGUAGE_STANDARD = "gnu++14";
				CLANG_CXX_LIBRARY = "libc++";
				CLANG_ENABLE_MODULES = YES;
				CLANG_ENABLE_OBJC_ARC = YES;
				CLANG_ENABLE_OBJC_WEAK = YES;
				CLANG_WARN_BLOCK_CAPTURE_AUTORELEASING = YES;
				CLANG_WARN_BOOL_CONVERSION = YES;
				CLANG_WARN_COMMA = YES;
				CLANG_WARN_CONSTANT_CONVERSION = YES;
				CLANG_WARN_DEPRECATED_OBJC_IMPLEMENTATIONS = YES;
				CLANG_WARN_DIRECT_OBJC_ISA_USAGE = YES_ERROR;
				CLANG_WARN_DOCUMENTATION_COMMENTS = YES;
				CLANG_WARN_EMPTY_BODY = YES;
				CLANG_WARN_ENUM_CONVERSION = YES;
				CLANG_WARN_INFINITE_RECURSION = YES;
				CLANG_WARN_INT_CONVERSION = YES;
				CLANG_WARN_NON_LITERAL_NULL_CONVERSION = YES;
				CLANG_WARN_OBJC_IMPLICIT_RETAIN_SELF = YES;
				CLANG_WARN_OBJC_LITERAL_CONVERSION = YES;
				CLANG_WARN_OBJC_ROOT_CLASS = YES_ERROR;
				CLANG_WARN_RANGE_LOOP_ANALYSIS = YES;
				CLANG_WARN_STRICT_PROTOTYPES = YES;
				CLANG_WARN_SUSPICIOUS_MOVE = YES;
				CLANG_WARN_UNGUARDED_AVAILABILITY = YES_AGGRESSIVE;
				CLANG_WARN_UNREACHABLE_CODE = YES;
				CLANG_WARN__DUPLICATE_METHOD_MATCH = YES;
				CODE_SIGN_IDENTITY = "iPhone Developer";
				COPY_PHASE_STRIP = NO;
				DEBUG_INFORMATION_FORMAT = "dwarf-with-dsym";
				ENABLE_NS_ASSERTIONS = NO;
				ENABLE_STRICT_OBJC_MSGSEND = YES;
				GCC_C_LANGUAGE_STANDARD = gnu11;
				GCC_NO_COMMON_BLOCKS = YES;
				GCC_WARN_64_TO_32_BIT_CONVERSION = YES;
				GCC_WARN_ABOUT_RETURN_TYPE = YES_ERROR;
				GCC_WARN_UNDECLARED_SELECTOR = YES;
				GCC_WARN_UNINITIALIZED_AUTOS = YES_AGGRESSIVE;
				GCC_WARN_UNUSED_FUNCTION = YES;
				GCC_WARN_UNUSED_VARIABLE = YES;
				IPHONEOS_DEPLOYMENT_TARGET = 11.4;
				MTL_ENABLE_DEBUG_INFO = NO;
				SDKROOT = iphoneos;
				SWIFT_COMPILATION_MODE = wholemodule;
				SWIFT_OPTIMIZATION_LEVEL = "-O";
				VALIDATE_PRODUCT = YES;
			};
			name = Release;
		};
		69CE22C4211329C0009A298A /* Debug */ = {
			isa = XCBuildConfiguration;
			buildSettings = {
				ASSETCATALOG_COMPILER_APPICON_NAME = AppIcon;
				CODE_SIGN_STYLE = Automatic;
				DEVELOPMENT_TEAM = MGX2XCNU48;
				INFOPLIST_FILE = "Spacey Dodge/Info.plist";
				IPHONEOS_DEPLOYMENT_TARGET = 11.0;
				LD_RUNPATH_SEARCH_PATHS = (
					"$(inherited)",
					"@executable_path/Frameworks",
				);
				PRODUCT_BUNDLE_IDENTIFIER = "com.RonLipkin.Spacey-Dodge";
				PRODUCT_NAME = "$(TARGET_NAME)";
				SWIFT_VERSION = 4.0;
				TARGETED_DEVICE_FAMILY = 1;
			};
			name = Debug;
		};
		69CE22C5211329C0009A298A /* Release */ = {
			isa = XCBuildConfiguration;
			buildSettings = {
				ASSETCATALOG_COMPILER_APPICON_NAME = AppIcon;
				CODE_SIGN_STYLE = Automatic;
				DEVELOPMENT_TEAM = MGX2XCNU48;
				INFOPLIST_FILE = "Spacey Dodge/Info.plist";
				IPHONEOS_DEPLOYMENT_TARGET = 11.0;
				LD_RUNPATH_SEARCH_PATHS = (
					"$(inherited)",
					"@executable_path/Frameworks",
				);
				PRODUCT_BUNDLE_IDENTIFIER = "com.RonLipkin.Spacey-Dodge";
				PRODUCT_NAME = "$(TARGET_NAME)";
				SWIFT_VERSION = 4.0;
				TARGETED_DEVICE_FAMILY = 1;
			};
			name = Release;
		};
/* End XCBuildConfiguration section */

/* Begin XCConfigurationList section */
		69CE22A6211329BF009A298A /* Build configuration list for PBXProject "Spacey Dodge" */ = {
			isa = XCConfigurationList;
			buildConfigurations = (
				69CE22C1211329C0009A298A /* Debug */,
				69CE22C2211329C0009A298A /* Release */,
			);
			defaultConfigurationIsVisible = 0;
			defaultConfigurationName = Release;
		};
		69CE22C3211329C0009A298A /* Build configuration list for PBXNativeTarget "Spacey Dodge" */ = {
			isa = XCConfigurationList;
			buildConfigurations = (
				69CE22C4211329C0009A298A /* Debug */,
				69CE22C5211329C0009A298A /* Release */,
			);
			defaultConfigurationIsVisible = 0;
			defaultConfigurationName = Release;
		};
/* End XCConfigurationList section */
	};
	rootObject = 69CE22A3211329BF009A298A /* Project object */;
}
